{
  "name": "word_of_the_day",
  "version": "1.0.0",
  "lockfileVersion": 3,
  "requires": true,
  "packages": {
    "": {
      "name": "word_of_the_day",
      "version": "1.0.0",
      "license": "ISC",
      "dependencies": {
        "@google/generative-ai": "^0.1.3",
        "dotenv": "^16.4.1"
      }
    },
    "node_modules/@google/generative-ai": {
      "version": "0.1.3",
      "resolved": "https://registry.npmjs.org/@google/generative-ai/-/generative-ai-0.1.3.tgz",
      "integrity": "sha512-Cm4uJX1sKarpm1mje/MiOIinM7zdUUrQp/5/qGPAgznbdd/B9zup5ehT6c1qGqycFcSopTA1J1HpqHS5kJR8hQ==",
      "engines": {
        "node": ">=18.0.0"
      }
    },
    "node_modules/dotenv": {
      "version": "16.4.1",
      "resolved": "https://registry.npmjs.org/dotenv/-/dotenv-16.4.1.tgz",
      "integrity": "sha512-CjA3y+Dr3FyFDOAMnxZEGtnW9KBR2M0JvvUtXNW+dYJL5ROWxP9DUHCwgFqpMk0OXCc0ljhaNTr2w/kutYIcHQ==",
      "engines": {
        "node": ">=12"
      },
      "funding": {
        "url": "https://github.com/motdotla/dotenv?sponsor=1"
      }
    }
  }
}
